{
  "name": "orbital-bus-monorepo",
  "version": "0.0.0",
  "lockfileVersion": 3,
  "requires": true,
  "packages": {
    "": {
      "name": "orbital-bus-monorepo",
      "version": "0.0.0",
      "license": "MIT",
      "workspaces": [
        "packages/utils",
        "packages/bus"
      ],
      "engines": {
        "node": ">=18"
      }
    },
    "node_modules/@orbitalfoundation/bus": {
      "resolved": "packages/bus",
      "link": true
    },
    "node_modules/@orbitalfoundation/utils": {
      "resolved": "packages/utils",
      "link": true
    },
    "packages/bus": {
      "name": "@orbitalfoundation/bus",
      "version": "2.0.0",
      "license": "MIT",
      "dependencies": {
        "@orbitalfoundation/utils": "^2.0.0"
      },
      "bin": {
        "orbital-bus": "run.js"
      },
      "engines": {
        "node": ">=18"
      }
    },
    "packages/utils": {
      "name": "@orbitalfoundation/utils",
      "version": "2.0.0",
      "license": "MIT",
      "engines": {
        "node": ">=18"
      }
    }
  }
}
